{
  "name": "ui",
  "version": "1.0.0",
  "lockfileVersion": 3,
  "requires": true,
  "packages": {
    "": {
      "name": "ui",
      "version": "1.0.0",
      "license": "ISC",
      "dependencies": {
        "libsodium-wrappers": "^0.7.13",
        "libsodium-wrappers-sumo": "^0.7.13"
      }
    },
    "node_modules/libsodium": {
      "version": "0.7.16",
      "resolved": "https://registry.npmjs.org/libsodium/-/libsodium-0.7.16.tgz",
      "integrity": "sha512-3HrzSPuzm6Yt9aTYCDxYEG8x8/6C0+ag655Y7rhhWZM9PT4NpdnbqlzXhGZlDnkgR6MeSTnOt/VIyHLs9aSf+Q==",
      "license": "ISC"
    },
    "node_modules/libsodium-sumo": {
      "version": "0.7.16",
      "resolved": "https://registry.npmjs.org/libsodium-sumo/-/libsodium-sumo-0.7.16.tgz",
      "integrity": "sha512-x6atrz2AdXCJg6G709x9W9TTJRI6/0NcL5dD0l5GGVqNE48UJmDsjO4RUWYTeyXXUpg+NXZ2SHECaZnFRYzwGA==",
      "license": "ISC"
    },
    "node_modules/libsodium-wrappers": {
      "version": "0.7.13",
      "resolved": "https://registry.npmjs.org/libsodium-wrappers/-/libsodium-wrappers-0.7.13.tgz",
      "integrity": "sha512-kasvDsEi/r1fMzKouIDv7B8I6vNmknXwGiYodErGuESoFTohGSKZplFtVxZqHaoQ217AynyIFgnOVRitpHs0Qw==",
      "license": "ISC",
      "dependencies": {
        "libsodium": "^0.7.13"
      }
    },
    "node_modules/libsodium-wrappers-sumo": {
      "version": "0.7.13",
      "resolved": "https://registry.npmjs.org/libsodium-wrappers-sumo/-/libsodium-wrappers-sumo-0.7.13.tgz",
      "integrity": "sha512-lz4YdplzDRh6AhnLGF2Dj2IUj94xRN6Bh8T0HLNwzYGwPehQJX6c7iYVrFUPZ3QqxE0bqC+K0IIqqZJYWumwSQ==",
      "license": "ISC",
      "dependencies": {
        "libsodium-sumo": "^0.7.13"
      }
    }
  }
}
